
Microsoft Visual Studio Solution File, Format Version 12.00
# Visual Studio Version 16
VisualStudioVersion = 16.0.31112.23
MinimumVisualStudioVersion = 10.0.40219.1
Project("{9A19103F-16F7-4668-BE54-9A1E7A4F7556}") = "Web-App", "Web-App.csproj", "{E9E508C8-6B55-4798-9733-446578EB8FE9}"
EndProject
Global
	GlobalSection(SolutionConfigurationPlatforms) = preSolution
		Debug|Any CPU = Debug|Any CPU
		Release|Any CPU = Release|Any CPU
	EndGlobalSection
	GlobalSection(ProjectConfigurationPlatforms) = postSolution
		{E9E508C8-6B55-4798-9733-446578EB8FE9}.Debug|Any CPU.ActiveCfg = Debug|Any CPU
		{E9E508C8-6B55-4798-9733-446578EB8FE9}.Debug|Any CPU.Build.0 = Debug|Any CPU
		{E9E508C8-6B55-4798-9733-446578EB8FE9}.Release|Any CPU.ActiveCfg = Release|Any CPU
		{E9E508C8-6B55-4798-9733-446578EB8FE9}.Release|Any CPU.Build.0 = Release|Any CPU
	EndGlobalSection
	GlobalSection(SolutionProperties) = preSolution
		HideSolutionNode = FALSE
	EndGlobalSection
	GlobalSection(ExtensibilityGlobals) = postSolution
		SolutionGuid = {8470B73A-999B-4F05-B416-691B477A126D}
	EndGlobalSection
EndGlobal
